
Microsoft Visual Studio Solution File, Format Version 12.00
# Visual Studio Version 16
VisualStudioVersion = 16.0.30204.135
MinimumVisualStudioVersion = 10.0.40219.1
Project("{9A19103F-16F7-4668-BE54-9A1E7A4F7556}") = "MaxSumLineFinder.ApplicationLogic", "MaxSumLineFinder.ApplicationLogic\MaxSumLineFinder.ApplicationLogic.csproj", "{D68A414B-614C-4F78-972A-263F0DF35C2A}"
EndProject
Project("{9A19103F-16F7-4668-BE54-9A1E7A4F7556}") = "MaxSumLineFinder.ApplicationLogic.Test", "MaxSumLineFinder.ApplicationLogic.Test\MaxSumLineFinder.ApplicationLogic.Test.csproj", "{3ECDB04D-EFA3-4572-874E-8F800B77C1FD}"
EndProject
Project("{2150E333-8FDC-42A3-9474-1A3956D46DE8}") = "Test", "Test", "{524C910F-C9F0-4CD7-8F36-48B1F14DB77F}"
EndProject
Project("{FAE04EC0-301F-11D3-BF4B-00C04F79EFBC}") = "MaxSumLineFinder.UI.CommandLine", "MaxSumLineFinder.UI.CommandLine\MaxSumLineFinder.UI.CommandLine.csproj", "{2768E600-F4BE-4AA3-8FAE-830CC8AE821A}"
EndProject
Global
	GlobalSection(SolutionConfigurationPlatforms) = preSolution
		Debug|Any CPU = Debug|Any CPU
		Release|Any CPU = Release|Any CPU
	EndGlobalSection
	GlobalSection(ProjectConfigurationPlatforms) = postSolution
		{D68A414B-614C-4F78-972A-263F0DF35C2A}.Debug|Any CPU.ActiveCfg = Debug|Any CPU
		{D68A414B-614C-4F78-972A-263F0DF35C2A}.Debug|Any CPU.Build.0 = Debug|Any CPU
		{D68A414B-614C-4F78-972A-263F0DF35C2A}.Release|Any CPU.ActiveCfg = Release|Any CPU
		{D68A414B-614C-4F78-972A-263F0DF35C2A}.Release|Any CPU.Build.0 = Release|Any CPU
		{3ECDB04D-EFA3-4572-874E-8F800B77C1FD}.Debug|Any CPU.ActiveCfg = Debug|Any CPU
		{3ECDB04D-EFA3-4572-874E-8F800B77C1FD}.Debug|Any CPU.Build.0 = Debug|Any CPU
		{3ECDB04D-EFA3-4572-874E-8F800B77C1FD}.Release|Any CPU.ActiveCfg = Release|Any CPU
		{3ECDB04D-EFA3-4572-874E-8F800B77C1FD}.Release|Any CPU.Build.0 = Release|Any CPU
		{2768E600-F4BE-4AA3-8FAE-830CC8AE821A}.Debug|Any CPU.ActiveCfg = Debug|Any CPU
		{2768E600-F4BE-4AA3-8FAE-830CC8AE821A}.Debug|Any CPU.Build.0 = Debug|Any CPU
		{2768E600-F4BE-4AA3-8FAE-830CC8AE821A}.Release|Any CPU.ActiveCfg = Release|Any CPU
		{2768E600-F4BE-4AA3-8FAE-830CC8AE821A}.Release|Any CPU.Build.0 = Release|Any CPU
	EndGlobalSection
	GlobalSection(SolutionProperties) = preSolution
		HideSolutionNode = FALSE
	EndGlobalSection
	GlobalSection(NestedProjects) = preSolution
		{3ECDB04D-EFA3-4572-874E-8F800B77C1FD} = {524C910F-C9F0-4CD7-8F36-48B1F14DB77F}
	EndGlobalSection
	GlobalSection(ExtensibilityGlobals) = postSolution
		SolutionGuid = {5E07DE29-4EC4-4CC3-92C5-85D9943D150F}
	EndGlobalSection
EndGlobal
